
Microsoft Visual Studio Solution File, Format Version 12.00
Project("{2150E333-8FDC-42A3-9474-1A3956D46DE8}") = "src", "src", "{186A580A-C705-4FB4-A61B-BF03038038FB}"
EndProject
Project("{FAE04EC0-301F-11D3-BF4B-00C04F79EFBC}") = "Dolite.Domain", "src\Dolite.Domain\Dolite.Domain.csproj", "{FE2E4A3F-AC73-49F7-A33C-C76B0A885468}"
EndProject
Project("{FAE04EC0-301F-11D3-BF4B-00C04F79EFBC}") = "Dolite.Application", "src\Dolite.Application\Dolite.Application.csproj", "{FD0AFF53-BD9D-4EE4-88C3-7FA6E39A7BF3}"
EndProject
Project("{FAE04EC0-301F-11D3-BF4B-00C04F79EFBC}") = "Dolite.CodeGenerator", "src\Dolite.CodeGenerator\Dolite.CodeGenerator.csproj", "{1F74A02F-052D-4AE0-B0FB-85F7F7D1B802}"
EndProject
Project("{FAE04EC0-301F-11D3-BF4B-00C04F79EFBC}") = "Dolite.Infrastructure", "src\Dolite.Infrastructure\Dolite.Infrastructure.csproj", "{34056B3F-5326-4F3C-BEC0-F8B9751954F0}"
EndProject
Project("{FAE04EC0-301F-11D3-BF4B-00C04F79EFBC}") = "Dolite.Security", "src\Dolite.Security\Dolite.Security.csproj", "{4B58550E-B1B0-4C53-93CA-7C713085C526}"
EndProject
Global
	GlobalSection(SolutionConfigurationPlatforms) = preSolution
		Debug|Any CPU = Debug|Any CPU
		Release|Any CPU = Release|Any CPU
	EndGlobalSection
	GlobalSection(NestedProjects) = preSolution
		{FE2E4A3F-AC73-49F7-A33C-C76B0A885468} = {186A580A-C705-4FB4-A61B-BF03038038FB}
		{FD0AFF53-BD9D-4EE4-88C3-7FA6E39A7BF3} = {186A580A-C705-4FB4-A61B-BF03038038FB}
		{1F74A02F-052D-4AE0-B0FB-85F7F7D1B802} = {186A580A-C705-4FB4-A61B-BF03038038FB}
		{34056B3F-5326-4F3C-BEC0-F8B9751954F0} = {186A580A-C705-4FB4-A61B-BF03038038FB}
		{4B58550E-B1B0-4C53-93CA-7C713085C526} = {186A580A-C705-4FB4-A61B-BF03038038FB}
	EndGlobalSection
	GlobalSection(ProjectConfigurationPlatforms) = postSolution
		{FE2E4A3F-AC73-49F7-A33C-C76B0A885468}.Debug|Any CPU.ActiveCfg = Debug|Any CPU
		{FE2E4A3F-AC73-49F7-A33C-C76B0A885468}.Debug|Any CPU.Build.0 = Debug|Any CPU
		{FE2E4A3F-AC73-49F7-A33C-C76B0A885468}.Release|Any CPU.ActiveCfg = Release|Any CPU
		{FE2E4A3F-AC73-49F7-A33C-C76B0A885468}.Release|Any CPU.Build.0 = Release|Any CPU
		{FD0AFF53-BD9D-4EE4-88C3-7FA6E39A7BF3}.Debug|Any CPU.ActiveCfg = Debug|Any CPU
		{FD0AFF53-BD9D-4EE4-88C3-7FA6E39A7BF3}.Debug|Any CPU.Build.0 = Debug|Any CPU
		{FD0AFF53-BD9D-4EE4-88C3-7FA6E39A7BF3}.Release|Any CPU.ActiveCfg = Release|Any CPU
		{FD0AFF53-BD9D-4EE4-88C3-7FA6E39A7BF3}.Release|Any CPU.Build.0 = Release|Any CPU
		{1F74A02F-052D-4AE0-B0FB-85F7F7D1B802}.Debug|Any CPU.ActiveCfg = Debug|Any CPU
		{1F74A02F-052D-4AE0-B0FB-85F7F7D1B802}.Debug|Any CPU.Build.0 = Debug|Any CPU
		{1F74A02F-052D-4AE0-B0FB-85F7F7D1B802}.Release|Any CPU.ActiveCfg = Release|Any CPU
		{1F74A02F-052D-4AE0-B0FB-85F7F7D1B802}.Release|Any CPU.Build.0 = Release|Any CPU
		{34056B3F-5326-4F3C-BEC0-F8B9751954F0}.Debug|Any CPU.ActiveCfg = Debug|Any CPU
		{34056B3F-5326-4F3C-BEC0-F8B9751954F0}.Debug|Any CPU.Build.0 = Debug|Any CPU
		{34056B3F-5326-4F3C-BEC0-F8B9751954F0}.Release|Any CPU.ActiveCfg = Release|Any CPU
		{34056B3F-5326-4F3C-BEC0-F8B9751954F0}.Release|Any CPU.Build.0 = Release|Any CPU
		{4B58550E-B1B0-4C53-93CA-7C713085C526}.Debug|Any CPU.ActiveCfg = Debug|Any CPU
		{4B58550E-B1B0-4C53-93CA-7C713085C526}.Debug|Any CPU.Build.0 = Debug|Any CPU
		{4B58550E-B1B0-4C53-93CA-7C713085C526}.Release|Any CPU.ActiveCfg = Release|Any CPU
		{4B58550E-B1B0-4C53-93CA-7C713085C526}.Release|Any CPU.Build.0 = Release|Any CPU
	EndGlobalSection
EndGlobal
